// !$*UTF8*$!
{
	archiveVersion = 1;
	classes = {
	};
	objectVersion = 46;
	objects = {

/* Begin PBXBuildFile section */
		3FD7F3211D17D045003136BB /* main.m in Sources */ = {isa = PBXBuildFile; fileRef = 3FD7F3201D17D045003136BB /* main.m */; };
		3FD7F3241D17D045003136BB /* AppDelegate.m in Sources */ = {isa = PBXBuildFile; fileRef = 3FD7F3231D17D045003136BB /* AppDelegate.m */; };
		3FD7F3271D17D045003136BB /* ViewController.m in Sources */ = {isa = PBXBuildFile; fileRef = 3FD7F3261D17D045003136BB /* ViewController.m */; };
		3FD7F32A1D17D045003136BB /* Main.storyboard in Resources */ = {isa = PBXBuildFile; fileRef = 3FD7F3281D17D045003136BB /* Main.storyboard */; };
		3FD7F32C1D17D045003136BB /* Assets.xcassets in Resources */ = {isa = PBXBuildFile; fileRef = 3FD7F32B1D17D045003136BB /* Assets.xcassets */; };
		3FD7F32F1D17D045003136BB /* LaunchScreen.storyboard in Resources */ = {isa = PBXBuildFile; fileRef = 3FD7F32D1D17D045003136BB /* LaunchScreen.storyboard */; };
		3FD7F33A1D17D045003136BB /* ButtonFunTests.m in Sources */ = {isa = PBXBuildFile; fileRef = 3FD7F3391D17D045003136BB /* ButtonFunTests.m */; };
		3FD7F3451D17D045003136BB /* ButtonFunUITests.m in Sources */ = {isa = PBXBuildFile; fileRef = 3FD7F3441D17D045003136BB /* ButtonFunUITests.m */; };
/* End PBXBuildFile section */

/* Begin PBXContainerItemProxy section */
		3FD7F3361D17D045003136BB /* PBXContainerItemProxy */ = {
			isa = PBXContainerItemProxy;
			containerPortal = 3FD7F3141D17D045003136BB /* Project object */;
			proxyType = 1;
			remoteGlobalIDString = 3FD7F31B1D17D045003136BB;
			remoteInfo = ButtonFun;
		};
		3FD7F3411D17D045003136BB /* PBXContainerItemProxy */ = {
			isa = PBXContainerItemProxy;
			containerPortal = 3FD7F3141D17D045003136BB /* Project object */;
			proxyType = 1;
			remoteGlobalIDString = 3FD7F31B1D17D045003136BB;
			remoteInfo = ButtonFun;
		};
/* End PBXContainerItemProxy section */

/* Begin PBXFileReference section */
		3FD7F31C1D17D045003136BB /* ButtonFun.app */ = {isa = PBXFileReference; explicitFileType = wrapper.application; includeInIndex = 0; path = ButtonFun.app; sourceTree = BUILT_PRODUCTS_DIR; };
		3FD7F3201D17D045003136BB /* main.m */ = {isa = PBXFileReference; lastKnownFileType = sourcecode.c.objc; path = main.m; sourceTree = "<group>"; };
		3FD7F3221D17D045003136BB /* AppDelegate.h */ = {isa = PBXFileReference; lastKnownFileType = sourcecode.c.h; path = AppDelegate.h; sourceTree = "<group>"; };
		3FD7F3231D17D045003136BB /* AppDelegate.m */ = {isa = PBXFileReference; lastKnownFileType = sourcecode.c.objc; path = AppDelegate.m; sourceTree = "<group>"; };
		3FD7F3251D17D045003136BB /* ViewController.h */ = {isa = PBXFileReference; lastKnownFileType = sourcecode.c.h; path = ViewController.h; sourceTree = "<group>"; };
		3FD7F3261D17D045003136BB /* ViewController.m */ = {isa = PBXFileReference; lastKnownFileType = sourcecode.c.objc; path = ViewController.m; sourceTree = "<group>"; };
		3FD7F3291D17D045003136BB /* Base */ = {isa = PBXFileReference; lastKnownFileType = file.storyboard; name = Base; path = Base.lproj/Main.storyboard; sourceTree = "<group>"; };
		3FD7F32B1D17D045003136BB /* Assets.xcassets */ = {isa = PBXFileReference; lastKnownFileType = folder.assetcatalog; path = Assets.xcassets; sourceTree = "<group>"; };
		3FD7F32E1D17D045003136BB /* Base */ = {isa = PBXFileReference; lastKnownFileType = file.storyboard; name = Base; path = Base.lproj/LaunchScreen.storyboard; sourceTree = "<group>"; };
		3FD7F3301D17D045003136BB /* Info.plist */ = {isa = PBXFileReference; lastKnownFileType = text.plist.xml; path = Info.plist; sourceTree = "<group>"; };
		3FD7F3351D17D045003136BB /* ButtonFunTests.xctest */ = {isa = PBXFileReference; explicitFileType = wrapper.cfbundle; includeInIndex = 0; path = ButtonFunTests.xctest; sourceTree = BUILT_PRODUCTS_DIR; };
		3FD7F3391D17D045003136BB /* ButtonFunTests.m */ = {isa = PBXFileReference; lastKnownFileType = sourcecode.c.objc; path = ButtonFunTests.m; sourceTree = "<group>"; };
		3FD7F33B1D17D045003136BB /* Info.plist */ = {isa = PBXFileReference; lastKnownFileType = text.plist.xml; path = Info.plist; sourceTree = "<group>"; };
		3FD7F3401D17D045003136BB /* ButtonFunUITests.xctest */ = {isa = PBXFileReference; explicitFileType = wrapper.cfbundle; includeInIndex = 0; path = ButtonFunUITests.xctest; sourceTree = BUILT_PRODUCTS_DIR; };
		3FD7F3441D17D045003136BB /* ButtonFunUITests.m */ = {isa = PBXFileReference; lastKnownFileType = sourcecode.c.objc; path = ButtonFunUITests.m; sourceTree = "<group>"; };
		3FD7F3461D17D045003136BB /* Info.plist */ = {isa = PBXFileReference; lastKnownFileType = text.plist.xml; path = Info.plist; sourceTree = "<group>"; };
/* End PBXFileReference section */

/* Begin PBXFrameworksBuildPhase section */
		3FD7F3191D17D045003136BB /* Frameworks */ = {
			isa = PBXFrameworksBuildPhase;
			buildActionMask = 2147483647;
			files = (
			);
			runOnlyForDeploymentPostprocessing = 0;
		};
		3FD7F3321D17D045003136BB /* Frameworks */ = {
			isa = PBXFrameworksBuildPhase;
			buildActionMask = 2147483647;
			files = (
			);
			runOnlyForDeploymentPostprocessing = 0;
		};
		3FD7F33D1D17D045003136BB /* Frameworks */ = {
			isa = PBXFrameworksBuildPhase;
			buildActionMask = 2147483647;
			files = (
			);
			runOnlyForDeploymentPostprocessing = 0;
		};
/* End PBXFrameworksBuildPhase section */

/* Begin PBXGroup section */
		3FD7F3131D17D045003136BB = {
			isa = PBXGroup;
			children = (
				3FD7F31E1D17D045003136BB /* ButtonFun */,
				3FD7F3381D17D045003136BB /* ButtonFunTests */,
				3FD7F3431D17D045003136BB /* ButtonFunUITests */,
				3FD7F31D1D17D045003136BB /* Products */,
			);
			sourceTree = "<group>";
		};
		3FD7F31D1D17D045003136BB /* Products */ = {
			isa = PBXGroup;
			children = (
				3FD7F31C1D17D045003136BB /* ButtonFun.app */,
				3FD7F3351D17D045003136BB /* ButtonFunTests.xctest */,
				3FD7F3401D17D045003136BB /* ButtonFunUITests.xctest */,
			);
			name = Products;
			sourceTree = "<group>";
		};
		3FD7F31E1D17D045003136BB /* ButtonFun */ = {
			isa = PBXGroup;
			children = (
				3FD7F3221D17D045003136BB /* AppDelegate.h */,
				3FD7F3231D17D045003136BB /* AppDelegate.m */,
				3FD7F3251D17D045003136BB /* ViewController.h */,
				3FD7F3261D17D045003136BB /* ViewController.m */,
				3FD7F3281D17D045003136BB /* Main.storyboard */,
				3FD7F32B1D17D045003136BB /* Assets.xcassets */,
				3FD7F32D1D17D045003136BB /* LaunchScreen.storyboard */,
				3FD7F3301D17D045003136BB /* Info.plist */,
				3FD7F31F1D17D045003136BB /* Supporting Files */,
			);
			path = ButtonFun;
			sourceTree = "<group>";
		};
		3FD7F31F1D17D045003136BB /* Supporting Files */ = {
			isa = PBXGroup;
			children = (
				3FD7F3201D17D045003136BB /* main.m */,
			);
			name = "Supporting Files";
			sourceTree = "<group>";
		};
		3FD7F3381D17D045003136BB /* ButtonFunTests */ = {
			isa = PBXGroup;
			children = (
				3FD7F3391D17D045003136BB /* ButtonFunTests.m */,
				3FD7F33B1D17D045003136BB /* Info.plist */,
			);
			path = ButtonFunTests;
			sourceTree = "<group>";
		};
		3FD7F3431D17D045003136BB /* ButtonFunUITests */ = {
			isa = PBXGroup;
			children = (
				3FD7F3441D17D045003136BB /* ButtonFunUITests.m */,
				3FD7F3461D17D045003136BB /* Info.plist */,
			);
			path = ButtonFunUITests;
			sourceTree = "<group>";
		};
/* End PBXGroup section */

/* Begin PBXNativeTarget section */
		3FD7F31B1D17D045003136BB /* ButtonFun */ = {
			isa = PBXNativeTarget;
			buildConfigurationList = 3FD7F3491D17D045003136BB /* Build configuration list for PBXNativeTarget "ButtonFun" */;
			buildPhases = (
				3FD7F3181D17D045003136BB /* Sources */,
				3FD7F3191D17D045003136BB /* Frameworks */,
				3FD7F31A1D17D045003136BB /* Resources */,
			);
			buildRules = (
			);
			dependencies = (
			);
			name = ButtonFun;
			productName = ButtonFun;
			productReference = 3FD7F31C1D17D045003136BB /* ButtonFun.app */;
			productType = "com.apple.product-type.application";
		};
		3FD7F3341D17D045003136BB /* ButtonFunTests */ = {
			isa = PBXNativeTarget;
			buildConfigurationList = 3FD7F34C1D17D045003136BB /* Build configuration list for PBXNativeTarget "ButtonFunTests" */;
			buildPhases = (
				3FD7F3311D17D045003136BB /* Sources */,
				3FD7F3321D17D045003136BB /* Frameworks */,
				3FD7F3331D17D045003136BB /* Resources */,
			);
			buildRules = (
			);
			dependencies = (
				3FD7F3371D17D045003136BB /* PBXTargetDependency */,
			);
			name = ButtonFunTests;
			productName = ButtonFunTests;
			productReference = 3FD7F3351D17D045003136BB /* ButtonFunTests.xctest */;
			productType = "com.apple.product-type.bundle.unit-test";
		};
		3FD7F33F1D17D045003136BB /* ButtonFunUITests */ = {
			isa = PBXNativeTarget;
			buildConfigurationList = 3FD7F34F1D17D045003136BB /* Build configuration list for PBXNativeTarget "ButtonFunUITests" */;
			buildPhases = (
				3FD7F33C1D17D045003136BB /* Sources */,
				3FD7F33D1D17D045003136BB /* Frameworks */,
				3FD7F33E1D17D045003136BB /* Resources */,
			);
			buildRules = (
			);
			dependencies = (
				3FD7F3421D17D045003136BB /* PBXTargetDependency */,
			);
			name = ButtonFunUITests;
			productName = ButtonFunUITests;
			productReference = 3FD7F3401D17D045003136BB /* ButtonFunUITests.xctest */;
			productType = "com.apple.product-type.bundle.ui-testing";
		};
/* End PBXNativeTarget section */

/* Begin PBXProject section */
		3FD7F3141D17D045003136BB /* Project object */ = {
			isa = PBXProject;
			attributes = {
				LastUpgradeCheck = 0730;
				ORGANIZATIONNAME = ShowTime;
				TargetAttributes = {
					3FD7F31B1D17D045003136BB = {
						CreatedOnToolsVersion = 7.3;
					};
					3FD7F3341D17D045003136BB = {
						CreatedOnToolsVersion = 7.3;
						TestTargetID = 3FD7F31B1D17D045003136BB;
					};
					3FD7F33F1D17D045003136BB = {
						CreatedOnToolsVersion = 7.3;
						TestTargetID = 3FD7F31B1D17D045003136BB;
					};
				};
			};
			buildConfigurationList = 3FD7F3171D17D045003136BB /* Build configuration list for PBXProject "ButtonFun" */;
			compatibilityVersion = "Xcode 3.2";
			developmentRegion = English;
			hasScannedForEncodings = 0;
			knownRegions = (
				en,
				Base,
			);
			mainGroup = 3FD7F3131D17D045003136BB;
			productRefGroup = 3FD7F31D1D17D045003136BB /* Products */;
			projectDirPath = "";
			projectRoot = "";
			targets = (
				3FD7F31B1D17D045003136BB /* ButtonFun */,
				3FD7F3341D17D045003136BB /* ButtonFunTests */,
				3FD7F33F1D17D045003136BB /* ButtonFunUITests */,
			);
		};
/* End PBXProject section */

/* Begin PBXResourcesBuildPhase section */
		3FD7F31A1D17D045003136BB /* Resources */ = {
			isa = PBXResourcesBuildPhase;
			buildActionMask = 2147483647;
			files = (
				3FD7F32F1D17D045003136BB /* LaunchScreen.storyboard in Resources */,
				3FD7F32C1D17D045003136BB /* Assets.xcassets in Resources */,
				3FD7F32A1D17D045003136BB /* Main.storyboard in Resources */,
			);
			runOnlyForDeploymentPostprocessing = 0;
		};
		3FD7F3331D17D045003136BB /* Resources */ = {
			isa = PBXResourcesBuildPhase;
			buildActionMask = 2147483647;
			files = (
			);
			runOnlyForDeploymentPostprocessing = 0;
		};
		3FD7F33E1D17D045003136BB /* Resources */ = {
			isa = PBXResourcesBuildPhase;
			buildActionMask = 2147483647;
			files = (
			);
			runOnlyForDeploymentPostprocessing = 0;
		};
/* End PBXResourcesBuildPhase section */

/* Begin PBXSourcesBuildPhase section */
		3FD7F3181D17D045003136BB /* Sources */ = {
			isa = PBXSourcesBuildPhase;
			buildActionMask = 2147483647;
			files = (
				3FD7F3271D17D045003136BB /* ViewController.m in Sources */,
				3FD7F3241D17D045003136BB /* AppDelegate.m in Sources */,
				3FD7F3211D17D045003136BB /* main.m in Sources */,
			);
			runOnlyForDeploymentPostprocessing = 0;
		};
		3FD7F3311D17D045003136BB /* Sources */ = {
			isa = PBXSourcesBuildPhase;
			buildActionMask = 2147483647;
			files = (
				3FD7F33A1D17D045003136BB /* ButtonFunTests.m in Sources */,
			);
			runOnlyForDeploymentPostprocessing = 0;
		};
		3FD7F33C1D17D045003136BB /* Sources */ = {
			isa = PBXSourcesBuildPhase;
			buildActionMask = 2147483647;
			files = (
				3FD7F3451D17D045003136BB /* ButtonFunUITests.m in Sources */,
			);
			runOnlyForDeploymentPostprocessing = 0;
		};
/* End PBXSourcesBuildPhase section */

/* Begin PBXTargetDependency section */
		3FD7F3371D17D045003136BB /* PBXTargetDependency */ = {
			isa = PBXTargetDependency;
			target = 3FD7F31B1D17D045003136BB /* ButtonFun */;
			targetProxy = 3FD7F3361D17D045003136BB /* PBXContainerItemProxy */;
		};
		3FD7F3421D17D045003136BB /* PBXTargetDependency */ = {
			isa = PBXTargetDependency;
			target = 3FD7F31B1D17D045003136BB /* ButtonFun */;
			targetProxy = 3FD7F3411D17D045003136BB /* PBXContainerItemProxy */;
		};
/* End PBXTargetDependency section */

/* Begin PBXVariantGroup section */
		3FD7F3281D17D045003136BB /* Main.storyboard */ = {
			isa = PBXVariantGroup;
			children = (
				3FD7F3291D17D045003136BB /* Base */,
			);
			name = Main.storyboard;
			sourceTree = "<group>";
		};
		3FD7F32D1D17D045003136BB /* LaunchScreen.storyboard */ = {
			isa = PBXVariantGroup;
			children = (
				3FD7F32E1D17D045003136BB /* Base */,
			);
			name = LaunchScreen.storyboard;
			sourceTree = "<group>";
		};
/* End PBXVariantGroup section */

/* Begin XCBuildConfiguration section */
		3FD7F3471D17D045003136BB /* Debug */ = {
			isa = XCBuildConfiguration;
			buildSettings = {
				ALWAYS_SEARCH_USER_PATHS = NO;
				CLANG_ANALYZER_NONNULL = YES;
				CLANG_CXX_LANGUAGE_STANDARD = "gnu++0x";
				CLANG_CXX_LIBRARY = "libc++";
				CLANG_ENABLE_MODULES = YES;
				CLANG_ENABLE_OBJC_ARC = YES;
				CLANG_WARN_BOOL_CONVERSION = YES;
				CLANG_WARN_CONSTANT_CONVERSION = YES;
				CLANG_WARN_DIRECT_OBJC_ISA_USAGE = YES_ERROR;
				CLANG_WARN_EMPTY_BODY = YES;
				CLANG_WARN_ENUM_CONVERSION = YES;
				CLANG_WARN_INT_CONVERSION = YES;
				CLANG_WARN_OBJC_ROOT_CLASS = YES_ERROR;
				CLANG_WARN_UNREACHABLE_CODE = YES;
				CLANG_WARN__DUPLICATE_METHOD_MATCH = YES;
				"CODE_SIGN_IDENTITY[sdk=iphoneos*]" = "iPhone Developer";
				COPY_PHASE_STRIP = NO;
				DEBUG_INFORMATION_FORMAT = dwarf;
				ENABLE_STRICT_OBJC_MSGSEND = YES;
				ENABLE_TESTABILITY = YES;
				GCC_C_LANGUAGE_STANDARD = gnu99;
				GCC_DYNAMIC_NO_PIC = NO;
				GCC_NO_COMMON_BLOCKS = YES;
				GCC_OPTIMIZATION_LEVEL = 0;
				GCC_PREPROCESSOR_DEFINITIONS = (
					"DEBUG=1",
					"$(inherited)",
				);
				GCC_WARN_64_TO_32_BIT_CONVERSION = YES;
				GCC_WARN_ABOUT_RETURN_TYPE = YES_ERROR;
				GCC_WARN_UNDECLARED_SELECTOR = YES;
				GCC_WARN_UNINITIALIZED_AUTOS = YES_AGGRESSIVE;
				GCC_WARN_UNUSED_FUNCTION = YES;
				GCC_WARN_UNUSED_VARIABLE = YES;
				IPHONEOS_DEPLOYMENT_TARGET = 9.3;
				MTL_ENABLE_DEBUG_INFO = YES;
				ONLY_ACTIVE_ARCH = YES;
				SDKROOT = iphoneos;
				TARGETED_DEVICE_FAMILY = "1,2";
			};
			name = Debug;
		};
		3FD7F3481D17D045003136BB /* Release */ = {
			isa = XCBuildConfiguration;
			buildSettings = {
				ALWAYS_SEARCH_USER_PATHS = NO;
				CLANG_ANALYZER_NONNULL = YES;
				CLANG_CXX_LANGUAGE_STANDARD = "gnu++0x";
				CLANG_CXX_LIBRARY = "libc++";
				CLANG_ENABLE_MODULES = YES;
				CLANG_ENABLE_OBJC_ARC = YES;
				CLANG_WARN_BOOL_CONVERSION = YES;
				CLANG_WARN_CONSTANT_CONVERSION = YES;
				CLANG_WARN_DIRECT_OBJC_ISA_USAGE = YES_ERROR;
				CLANG_WARN_EMPTY_BODY = YES;
				CLANG_WARN_ENUM_CONVERSION = YES;
				CLANG_WARN_INT_CONVERSION = YES;
				CLANG_WARN_OBJC_ROOT_CLASS = YES_ERROR;
				CLANG_WARN_UNREACHABLE_CODE = YES;
				CLANG_WARN__DUPLICATE_METHOD_MATCH = YES;
				"CODE_SIGN_IDENTITY[sdk=iphoneos*]" = "iPhone Developer";
				COPY_PHASE_STRIP = NO;
				DEBUG_INFORMATION_FORMAT = "dwarf-with-dsym";
				ENABLE_NS_ASSERTIONS = NO;
				ENABLE_STRICT_OBJC_MSGSEND = YES;
				GCC_C_LANGUAGE_STANDARD = gnu99;
				GCC_NO_COMMON_BLOCKS = YES;
				GCC_WARN_64_TO_32_BIT_CONVERSION = YES;
				GCC_WARN_ABOUT_RETURN_TYPE = YES_ERROR;
				GCC_WARN_UNDECLARED_SELECTOR = YES;
				GCC_WARN_UNINITIALIZED_AUTOS = YES_AGGRESSIVE;
				GCC_WARN_UNUSED_FUNCTION = YES;
				GCC_WARN_UNUSED_VARIABLE = YES;
				IPHONEOS_DEPLOYMENT_TARGET = 9.3;
				MTL_ENABLE_DEBUG_INFO = NO;
				SDKROOT = iphoneos;
				TARGETED_DEVICE_FAMILY = "1,2";
				VALIDATE_PRODUCT = YES;
			};
			name = Release;
		};
		3FD7F34A1D17D045003136BB /* Debug */ = {
			isa = XCBuildConfiguration;
			buildSettings = {
				ASSETCATALOG_COMPILER_APPICON_NAME = AppIcon;
				INFOPLIST_FILE = ButtonFun/Info.plist;
				LD_RUNPATH_SEARCH_PATHS = "$(inherited) @executable_path/Frameworks";
				PRODUCT_BUNDLE_IDENTIFIER = com.showtime.ButtonFun;
				PRODUCT_NAME = "$(TARGET_NAME)";
			};
			name = Debug;
		};
		3FD7F34B1D17D045003136BB /* Release */ = {
			isa = XCBuildConfiguration;
			buildSettings = {
				ASSETCATALOG_COMPILER_APPICON_NAME = AppIcon;
				INFOPLIST_FILE = ButtonFun/Info.plist;
				LD_RUNPATH_SEARCH_PATHS = "$(inherited) @executable_path/Frameworks";
				PRODUCT_BUNDLE_IDENTIFIER = com.showtime.ButtonFun;
				PRODUCT_NAME = "$(TARGET_NAME)";
			};
			name = Release;
		};
		3FD7F34D1D17D045003136BB /* Debug */ = {
			isa = XCBuildConfiguration;
			buildSettings = {
				BUNDLE_LOADER = "$(TEST_HOST)";
				INFOPLIST_FILE = ButtonFunTests/Info.plist;
				LD_RUNPATH_SEARCH_PATHS = "$(inherited) @executable_path/Frameworks @loader_path/Frameworks";
				PRODUCT_BUNDLE_IDENTIFIER = com.showtime.ButtonFunTests;
				PRODUCT_NAME = "$(TARGET_NAME)";
				TEST_HOST = "$(BUILT_PRODUCTS_DIR)/ButtonFun.app/ButtonFun";
			};
			name = Debug;
		};
		3FD7F34E1D17D045003136BB /* Release */ = {
			isa = XCBuildConfiguration;
			buildSettings = {
				BUNDLE_LOADER = "$(TEST_HOST)";
				INFOPLIST_FILE = ButtonFunTests/Info.plist;
				LD_RUNPATH_SEARCH_PATHS = "$(inherited) @executable_path/Frameworks @loader_path/Frameworks";
				PRODUCT_BUNDLE_IDENTIFIER = com.showtime.ButtonFunTests;
				PRODUCT_NAME = "$(TARGET_NAME)";
				TEST_HOST = "$(BUILT_PRODUCTS_DIR)/ButtonFun.app/ButtonFun";
			};
			name = Release;
		};
		3FD7F3501D17D045003136BB /* Debug */ = {
			isa = XCBuildConfiguration;
			buildSettings = {
				INFOPLIST_FILE = ButtonFunUITests/Info.plist;
				LD_RUNPATH_SEARCH_PATHS = "$(inherited) @executable_path/Frameworks @loader_path/Frameworks";
				PRODUCT_BUNDLE_IDENTIFIER = com.showtime.ButtonFunUITests;
				PRODUCT_NAME = "$(TARGET_NAME)";
				TEST_TARGET_NAME = ButtonFun;
			};
			name = Debug;
		};
		3FD7F3511D17D045003136BB /* Release */ = {
			isa = XCBuildConfiguration;
			buildSettings = {
				INFOPLIST_FILE = ButtonFunUITests/Info.plist;
				LD_RUNPATH_SEARCH_PATHS = "$(inherited) @executable_path/Frameworks @loader_path/Frameworks";
				PRODUCT_BUNDLE_IDENTIFIER = com.showtime.ButtonFunUITests;
				PRODUCT_NAME = "$(TARGET_NAME)";
				TEST_TARGET_NAME = ButtonFun;
			};
			name = Release;
		};
/* End XCBuildConfiguration section */

/* Begin XCConfigurationList section */
		3FD7F3171D17D045003136BB /* Build configuration list for PBXProject "ButtonFun" */ = {
			isa = XCConfigurationList;
			buildConfigurations = (
				3FD7F3471D17D045003136BB /* Debug */,
				3FD7F3481D17D045003136BB /* Release */,
			);
			defaultConfigurationIsVisible = 0;
			defaultConfigurationName = Release;
		};
		3FD7F3491D17D045003136BB /* Build configuration list for PBXNativeTarget "ButtonFun" */ = {
			isa = XCConfigurationList;
			buildConfigurations = (
				3FD7F34A1D17D045003136BB /* Debug */,
				3FD7F34B1D17D045003136BB /* Release */,
			);
			defaultConfigurationIsVisible = 0;
		};
		3FD7F34C1D17D045003136BB /* Build configuration list for PBXNativeTarget "ButtonFunTests" */ = {
			isa = XCConfigurationList;
			buildConfigurations = (
				3FD7F34D1D17D045003136BB /* Debug */,
				3FD7F34E1D17D045003136BB /* Release */,
			);
			defaultConfigurationIsVisible = 0;
		};
		3FD7F34F1D17D045003136BB /* Build configuration list for PBXNativeTarget "ButtonFunUITests" */ = {
			isa = XCConfigurationList;
			buildConfigurations = (
				3FD7F3501D17D045003136BB /* Debug */,
				3FD7F3511D17D045003136BB /* Release */,
			);
			defaultConfigurationIsVisible = 0;
		};
/* End XCConfigurationList section */
	};
	rootObject = 3FD7F3141D17D045003136BB /* Project object */;
}
