// !$*UTF8*$!
{
	archiveVersion = 1;
	classes = {
	};
	objectVersion = 46;
	objects = {

/* Begin PBXBuildFile section */
		3F9B22071D22608E00D5DC28 /* main.m in Sources */ = {isa = PBXBuildFile; fileRef = 3F9B22061D22608E00D5DC28 /* main.m */; };
		3F9B220A1D22608E00D5DC28 /* AppDelegate.m in Sources */ = {isa = PBXBuildFile; fileRef = 3F9B22091D22608E00D5DC28 /* AppDelegate.m */; };
		3F9B220D1D22608E00D5DC28 /* ViewController.m in Sources */ = {isa = PBXBuildFile; fileRef = 3F9B220C1D22608E00D5DC28 /* ViewController.m */; };
		3F9B22101D22608E00D5DC28 /* Main.storyboard in Resources */ = {isa = PBXBuildFile; fileRef = 3F9B220E1D22608E00D5DC28 /* Main.storyboard */; };
		3F9B22121D22608E00D5DC28 /* Assets.xcassets in Resources */ = {isa = PBXBuildFile; fileRef = 3F9B22111D22608E00D5DC28 /* Assets.xcassets */; };
		3F9B22151D22608E00D5DC28 /* LaunchScreen.storyboard in Resources */ = {isa = PBXBuildFile; fileRef = 3F9B22131D22608E00D5DC28 /* LaunchScreen.storyboard */; };
		3F9B22201D22608E00D5DC28 /* XIBTableCellsTests.m in Sources */ = {isa = PBXBuildFile; fileRef = 3F9B221F1D22608E00D5DC28 /* XIBTableCellsTests.m */; };
		3F9B222B1D22608E00D5DC28 /* XIBTableCellsUITests.m in Sources */ = {isa = PBXBuildFile; fileRef = 3F9B222A1D22608E00D5DC28 /* XIBTableCellsUITests.m */; };
		3F9B223B1D2260F300D5DC28 /* NameAndColorCell.m in Sources */ = {isa = PBXBuildFile; fileRef = 3F9B223A1D2260F300D5DC28 /* NameAndColorCell.m */; };
		3F9B223D1D2261D500D5DC28 /* NameAndColorCell.xib in Resources */ = {isa = PBXBuildFile; fileRef = 3F9B223C1D2261D500D5DC28 /* NameAndColorCell.xib */; };
/* End PBXBuildFile section */

/* Begin PBXContainerItemProxy section */
		3F9B221C1D22608E00D5DC28 /* PBXContainerItemProxy */ = {
			isa = PBXContainerItemProxy;
			containerPortal = 3F9B21FA1D22608E00D5DC28 /* Project object */;
			proxyType = 1;
			remoteGlobalIDString = 3F9B22011D22608E00D5DC28;
			remoteInfo = XIBTableCells;
		};
		3F9B22271D22608E00D5DC28 /* PBXContainerItemProxy */ = {
			isa = PBXContainerItemProxy;
			containerPortal = 3F9B21FA1D22608E00D5DC28 /* Project object */;
			proxyType = 1;
			remoteGlobalIDString = 3F9B22011D22608E00D5DC28;
			remoteInfo = XIBTableCells;
		};
/* End PBXContainerItemProxy section */

/* Begin PBXFileReference section */
		3F9B22021D22608E00D5DC28 /* XIBTableCells.app */ = {isa = PBXFileReference; explicitFileType = wrapper.application; includeInIndex = 0; path = XIBTableCells.app; sourceTree = BUILT_PRODUCTS_DIR; };
		3F9B22061D22608E00D5DC28 /* main.m */ = {isa = PBXFileReference; lastKnownFileType = sourcecode.c.objc; path = main.m; sourceTree = "<group>"; };
		3F9B22081D22608E00D5DC28 /* AppDelegate.h */ = {isa = PBXFileReference; lastKnownFileType = sourcecode.c.h; path = AppDelegate.h; sourceTree = "<group>"; };
		3F9B22091D22608E00D5DC28 /* AppDelegate.m */ = {isa = PBXFileReference; lastKnownFileType = sourcecode.c.objc; path = AppDelegate.m; sourceTree = "<group>"; };
		3F9B220B1D22608E00D5DC28 /* ViewController.h */ = {isa = PBXFileReference; lastKnownFileType = sourcecode.c.h; path = ViewController.h; sourceTree = "<group>"; };
		3F9B220C1D22608E00D5DC28 /* ViewController.m */ = {isa = PBXFileReference; lastKnownFileType = sourcecode.c.objc; path = ViewController.m; sourceTree = "<group>"; };
		3F9B220F1D22608E00D5DC28 /* Base */ = {isa = PBXFileReference; lastKnownFileType = file.storyboard; name = Base; path = Base.lproj/Main.storyboard; sourceTree = "<group>"; };
		3F9B22111D22608E00D5DC28 /* Assets.xcassets */ = {isa = PBXFileReference; lastKnownFileType = folder.assetcatalog; path = Assets.xcassets; sourceTree = "<group>"; };
		3F9B22141D22608E00D5DC28 /* Base */ = {isa = PBXFileReference; lastKnownFileType = file.storyboard; name = Base; path = Base.lproj/LaunchScreen.storyboard; sourceTree = "<group>"; };
		3F9B22161D22608E00D5DC28 /* Info.plist */ = {isa = PBXFileReference; lastKnownFileType = text.plist.xml; path = Info.plist; sourceTree = "<group>"; };
		3F9B221B1D22608E00D5DC28 /* XIBTableCellsTests.xctest */ = {isa = PBXFileReference; explicitFileType = wrapper.cfbundle; includeInIndex = 0; path = XIBTableCellsTests.xctest; sourceTree = BUILT_PRODUCTS_DIR; };
		3F9B221F1D22608E00D5DC28 /* XIBTableCellsTests.m */ = {isa = PBXFileReference; lastKnownFileType = sourcecode.c.objc; path = XIBTableCellsTests.m; sourceTree = "<group>"; };
		3F9B22211D22608E00D5DC28 /* Info.plist */ = {isa = PBXFileReference; lastKnownFileType = text.plist.xml; path = Info.plist; sourceTree = "<group>"; };
		3F9B22261D22608E00D5DC28 /* XIBTableCellsUITests.xctest */ = {isa = PBXFileReference; explicitFileType = wrapper.cfbundle; includeInIndex = 0; path = XIBTableCellsUITests.xctest; sourceTree = BUILT_PRODUCTS_DIR; };
		3F9B222A1D22608E00D5DC28 /* XIBTableCellsUITests.m */ = {isa = PBXFileReference; lastKnownFileType = sourcecode.c.objc; path = XIBTableCellsUITests.m; sourceTree = "<group>"; };
		3F9B222C1D22608E00D5DC28 /* Info.plist */ = {isa = PBXFileReference; lastKnownFileType = text.plist.xml; path = Info.plist; sourceTree = "<group>"; };
		3F9B22391D2260F300D5DC28 /* NameAndColorCell.h */ = {isa = PBXFileReference; fileEncoding = 4; lastKnownFileType = sourcecode.c.h; path = NameAndColorCell.h; sourceTree = "<group>"; };
		3F9B223A1D2260F300D5DC28 /* NameAndColorCell.m */ = {isa = PBXFileReference; fileEncoding = 4; lastKnownFileType = sourcecode.c.objc; path = NameAndColorCell.m; sourceTree = "<group>"; };
		3F9B223C1D2261D500D5DC28 /* NameAndColorCell.xib */ = {isa = PBXFileReference; fileEncoding = 4; lastKnownFileType = file.xib; path = NameAndColorCell.xib; sourceTree = "<group>"; };
/* End PBXFileReference section */

/* Begin PBXFrameworksBuildPhase section */
		3F9B21FF1D22608E00D5DC28 /* Frameworks */ = {
			isa = PBXFrameworksBuildPhase;
			buildActionMask = 2147483647;
			files = (
			);
			runOnlyForDeploymentPostprocessing = 0;
		};
		3F9B22181D22608E00D5DC28 /* Frameworks */ = {
			isa = PBXFrameworksBuildPhase;
			buildActionMask = 2147483647;
			files = (
			);
			runOnlyForDeploymentPostprocessing = 0;
		};
		3F9B22231D22608E00D5DC28 /* Frameworks */ = {
			isa = PBXFrameworksBuildPhase;
			buildActionMask = 2147483647;
			files = (
			);
			runOnlyForDeploymentPostprocessing = 0;
		};
/* End PBXFrameworksBuildPhase section */

/* Begin PBXGroup section */
		3F9B21F91D22608D00D5DC28 = {
			isa = PBXGroup;
			children = (
				3F9B22041D22608E00D5DC28 /* XIBTableCells */,
				3F9B221E1D22608E00D5DC28 /* XIBTableCellsTests */,
				3F9B22291D22608E00D5DC28 /* XIBTableCellsUITests */,
				3F9B22031D22608E00D5DC28 /* Products */,
			);
			sourceTree = "<group>";
		};
		3F9B22031D22608E00D5DC28 /* Products */ = {
			isa = PBXGroup;
			children = (
				3F9B22021D22608E00D5DC28 /* XIBTableCells.app */,
				3F9B221B1D22608E00D5DC28 /* XIBTableCellsTests.xctest */,
				3F9B22261D22608E00D5DC28 /* XIBTableCellsUITests.xctest */,
			);
			name = Products;
			sourceTree = "<group>";
		};
		3F9B22041D22608E00D5DC28 /* XIBTableCells */ = {
			isa = PBXGroup;
			children = (
				3F9B22381D2260DB00D5DC28 /* cells */,
				3F9B22081D22608E00D5DC28 /* AppDelegate.h */,
				3F9B22091D22608E00D5DC28 /* AppDelegate.m */,
				3F9B220B1D22608E00D5DC28 /* ViewController.h */,
				3F9B220C1D22608E00D5DC28 /* ViewController.m */,
				3F9B220E1D22608E00D5DC28 /* Main.storyboard */,
				3F9B22111D22608E00D5DC28 /* Assets.xcassets */,
				3F9B22131D22608E00D5DC28 /* LaunchScreen.storyboard */,
				3F9B22161D22608E00D5DC28 /* Info.plist */,
				3F9B22051D22608E00D5DC28 /* Supporting Files */,
			);
			path = XIBTableCells;
			sourceTree = "<group>";
		};
		3F9B22051D22608E00D5DC28 /* Supporting Files */ = {
			isa = PBXGroup;
			children = (
				3F9B22061D22608E00D5DC28 /* main.m */,
			);
			name = "Supporting Files";
			sourceTree = "<group>";
		};
		3F9B221E1D22608E00D5DC28 /* XIBTableCellsTests */ = {
			isa = PBXGroup;
			children = (
				3F9B221F1D22608E00D5DC28 /* XIBTableCellsTests.m */,
				3F9B22211D22608E00D5DC28 /* Info.plist */,
			);
			path = XIBTableCellsTests;
			sourceTree = "<group>";
		};
		3F9B22291D22608E00D5DC28 /* XIBTableCellsUITests */ = {
			isa = PBXGroup;
			children = (
				3F9B222A1D22608E00D5DC28 /* XIBTableCellsUITests.m */,
				3F9B222C1D22608E00D5DC28 /* Info.plist */,
			);
			path = XIBTableCellsUITests;
			sourceTree = "<group>";
		};
		3F9B22381D2260DB00D5DC28 /* cells */ = {
			isa = PBXGroup;
			children = (
				3F9B22391D2260F300D5DC28 /* NameAndColorCell.h */,
				3F9B223A1D2260F300D5DC28 /* NameAndColorCell.m */,
				3F9B223C1D2261D500D5DC28 /* NameAndColorCell.xib */,
			);
			name = cells;
			sourceTree = "<group>";
		};
/* End PBXGroup section */

/* Begin PBXNativeTarget section */
		3F9B22011D22608E00D5DC28 /* XIBTableCells */ = {
			isa = PBXNativeTarget;
			buildConfigurationList = 3F9B222F1D22608E00D5DC28 /* Build configuration list for PBXNativeTarget "XIBTableCells" */;
			buildPhases = (
				3F9B21FE1D22608E00D5DC28 /* Sources */,
				3F9B21FF1D22608E00D5DC28 /* Frameworks */,
				3F9B22001D22608E00D5DC28 /* Resources */,
			);
			buildRules = (
			);
			dependencies = (
			);
			name = XIBTableCells;
			productName = XIBTableCells;
			productReference = 3F9B22021D22608E00D5DC28 /* XIBTableCells.app */;
			productType = "com.apple.product-type.application";
		};
		3F9B221A1D22608E00D5DC28 /* XIBTableCellsTests */ = {
			isa = PBXNativeTarget;
			buildConfigurationList = 3F9B22321D22608E00D5DC28 /* Build configuration list for PBXNativeTarget "XIBTableCellsTests" */;
			buildPhases = (
				3F9B22171D22608E00D5DC28 /* Sources */,
				3F9B22181D22608E00D5DC28 /* Frameworks */,
				3F9B22191D22608E00D5DC28 /* Resources */,
			);
			buildRules = (
			);
			dependencies = (
				3F9B221D1D22608E00D5DC28 /* PBXTargetDependency */,
			);
			name = XIBTableCellsTests;
			productName = XIBTableCellsTests;
			productReference = 3F9B221B1D22608E00D5DC28 /* XIBTableCellsTests.xctest */;
			productType = "com.apple.product-type.bundle.unit-test";
		};
		3F9B22251D22608E00D5DC28 /* XIBTableCellsUITests */ = {
			isa = PBXNativeTarget;
			buildConfigurationList = 3F9B22351D22608E00D5DC28 /* Build configuration list for PBXNativeTarget "XIBTableCellsUITests" */;
			buildPhases = (
				3F9B22221D22608E00D5DC28 /* Sources */,
				3F9B22231D22608E00D5DC28 /* Frameworks */,
				3F9B22241D22608E00D5DC28 /* Resources */,
			);
			buildRules = (
			);
			dependencies = (
				3F9B22281D22608E00D5DC28 /* PBXTargetDependency */,
			);
			name = XIBTableCellsUITests;
			productName = XIBTableCellsUITests;
			productReference = 3F9B22261D22608E00D5DC28 /* XIBTableCellsUITests.xctest */;
			productType = "com.apple.product-type.bundle.ui-testing";
		};
/* End PBXNativeTarget section */

/* Begin PBXProject section */
		3F9B21FA1D22608E00D5DC28 /* Project object */ = {
			isa = PBXProject;
			attributes = {
				LastUpgradeCheck = 0730;
				ORGANIZATIONNAME = ShowTime;
				TargetAttributes = {
					3F9B22011D22608E00D5DC28 = {
						CreatedOnToolsVersion = 7.3;
					};
					3F9B221A1D22608E00D5DC28 = {
						CreatedOnToolsVersion = 7.3;
						TestTargetID = 3F9B22011D22608E00D5DC28;
					};
					3F9B22251D22608E00D5DC28 = {
						CreatedOnToolsVersion = 7.3;
						TestTargetID = 3F9B22011D22608E00D5DC28;
					};
				};
			};
			buildConfigurationList = 3F9B21FD1D22608E00D5DC28 /* Build configuration list for PBXProject "XIBTableCells" */;
			compatibilityVersion = "Xcode 3.2";
			developmentRegion = English;
			hasScannedForEncodings = 0;
			knownRegions = (
				en,
				Base,
			);
			mainGroup = 3F9B21F91D22608D00D5DC28;
			productRefGroup = 3F9B22031D22608E00D5DC28 /* Products */;
			projectDirPath = "";
			projectRoot = "";
			targets = (
				3F9B22011D22608E00D5DC28 /* XIBTableCells */,
				3F9B221A1D22608E00D5DC28 /* XIBTableCellsTests */,
				3F9B22251D22608E00D5DC28 /* XIBTableCellsUITests */,
			);
		};
/* End PBXProject section */

/* Begin PBXResourcesBuildPhase section */
		3F9B22001D22608E00D5DC28 /* Resources */ = {
			isa = PBXResourcesBuildPhase;
			buildActionMask = 2147483647;
			files = (
				3F9B223D1D2261D500D5DC28 /* NameAndColorCell.xib in Resources */,
				3F9B22151D22608E00D5DC28 /* LaunchScreen.storyboard in Resources */,
				3F9B22121D22608E00D5DC28 /* Assets.xcassets in Resources */,
				3F9B22101D22608E00D5DC28 /* Main.storyboard in Resources */,
			);
			runOnlyForDeploymentPostprocessing = 0;
		};
		3F9B22191D22608E00D5DC28 /* Resources */ = {
			isa = PBXResourcesBuildPhase;
			buildActionMask = 2147483647;
			files = (
			);
			runOnlyForDeploymentPostprocessing = 0;
		};
		3F9B22241D22608E00D5DC28 /* Resources */ = {
			isa = PBXResourcesBuildPhase;
			buildActionMask = 2147483647;
			files = (
			);
			runOnlyForDeploymentPostprocessing = 0;
		};
/* End PBXResourcesBuildPhase section */

/* Begin PBXSourcesBuildPhase section */
		3F9B21FE1D22608E00D5DC28 /* Sources */ = {
			isa = PBXSourcesBuildPhase;
			buildActionMask = 2147483647;
			files = (
				3F9B223B1D2260F300D5DC28 /* NameAndColorCell.m in Sources */,
				3F9B220D1D22608E00D5DC28 /* ViewController.m in Sources */,
				3F9B220A1D22608E00D5DC28 /* AppDelegate.m in Sources */,
				3F9B22071D22608E00D5DC28 /* main.m in Sources */,
			);
			runOnlyForDeploymentPostprocessing = 0;
		};
		3F9B22171D22608E00D5DC28 /* Sources */ = {
			isa = PBXSourcesBuildPhase;
			buildActionMask = 2147483647;
			files = (
				3F9B22201D22608E00D5DC28 /* XIBTableCellsTests.m in Sources */,
			);
			runOnlyForDeploymentPostprocessing = 0;
		};
		3F9B22221D22608E00D5DC28 /* Sources */ = {
			isa = PBXSourcesBuildPhase;
			buildActionMask = 2147483647;
			files = (
				3F9B222B1D22608E00D5DC28 /* XIBTableCellsUITests.m in Sources */,
			);
			runOnlyForDeploymentPostprocessing = 0;
		};
/* End PBXSourcesBuildPhase section */

/* Begin PBXTargetDependency section */
		3F9B221D1D22608E00D5DC28 /* PBXTargetDependency */ = {
			isa = PBXTargetDependency;
			target = 3F9B22011D22608E00D5DC28 /* XIBTableCells */;
			targetProxy = 3F9B221C1D22608E00D5DC28 /* PBXContainerItemProxy */;
		};
		3F9B22281D22608E00D5DC28 /* PBXTargetDependency */ = {
			isa = PBXTargetDependency;
			target = 3F9B22011D22608E00D5DC28 /* XIBTableCells */;
			targetProxy = 3F9B22271D22608E00D5DC28 /* PBXContainerItemProxy */;
		};
/* End PBXTargetDependency section */

/* Begin PBXVariantGroup section */
		3F9B220E1D22608E00D5DC28 /* Main.storyboard */ = {
			isa = PBXVariantGroup;
			children = (
				3F9B220F1D22608E00D5DC28 /* Base */,
			);
			name = Main.storyboard;
			sourceTree = "<group>";
		};
		3F9B22131D22608E00D5DC28 /* LaunchScreen.storyboard */ = {
			isa = PBXVariantGroup;
			children = (
				3F9B22141D22608E00D5DC28 /* Base */,
			);
			name = LaunchScreen.storyboard;
			sourceTree = "<group>";
		};
/* End PBXVariantGroup section */

/* Begin XCBuildConfiguration section */
		3F9B222D1D22608E00D5DC28 /* Debug */ = {
			isa = XCBuildConfiguration;
			buildSettings = {
				ALWAYS_SEARCH_USER_PATHS = NO;
				CLANG_ANALYZER_NONNULL = YES;
				CLANG_CXX_LANGUAGE_STANDARD = "gnu++0x";
				CLANG_CXX_LIBRARY = "libc++";
				CLANG_ENABLE_MODULES = YES;
				CLANG_ENABLE_OBJC_ARC = YES;
				CLANG_WARN_BOOL_CONVERSION = YES;
				CLANG_WARN_CONSTANT_CONVERSION = YES;
				CLANG_WARN_DIRECT_OBJC_ISA_USAGE = YES_ERROR;
				CLANG_WARN_EMPTY_BODY = YES;
				CLANG_WARN_ENUM_CONVERSION = YES;
				CLANG_WARN_INT_CONVERSION = YES;
				CLANG_WARN_OBJC_ROOT_CLASS = YES_ERROR;
				CLANG_WARN_UNREACHABLE_CODE = YES;
				CLANG_WARN__DUPLICATE_METHOD_MATCH = YES;
				"CODE_SIGN_IDENTITY[sdk=iphoneos*]" = "iPhone Developer";
				COPY_PHASE_STRIP = NO;
				DEBUG_INFORMATION_FORMAT = dwarf;
				ENABLE_STRICT_OBJC_MSGSEND = YES;
				ENABLE_TESTABILITY = YES;
				GCC_C_LANGUAGE_STANDARD = gnu99;
				GCC_DYNAMIC_NO_PIC = NO;
				GCC_NO_COMMON_BLOCKS = YES;
				GCC_OPTIMIZATION_LEVEL = 0;
				GCC_PREPROCESSOR_DEFINITIONS = (
					"DEBUG=1",
					"$(inherited)",
				);
				GCC_WARN_64_TO_32_BIT_CONVERSION = YES;
				GCC_WARN_ABOUT_RETURN_TYPE = YES_ERROR;
				GCC_WARN_UNDECLARED_SELECTOR = YES;
				GCC_WARN_UNINITIALIZED_AUTOS = YES_AGGRESSIVE;
				GCC_WARN_UNUSED_FUNCTION = YES;
				GCC_WARN_UNUSED_VARIABLE = YES;
				IPHONEOS_DEPLOYMENT_TARGET = 9.3;
				MTL_ENABLE_DEBUG_INFO = YES;
				ONLY_ACTIVE_ARCH = YES;
				SDKROOT = iphoneos;
				TARGETED_DEVICE_FAMILY = "1,2";
			};
			name = Debug;
		};
		3F9B222E1D22608E00D5DC28 /* Release */ = {
			isa = XCBuildConfiguration;
			buildSettings = {
				ALWAYS_SEARCH_USER_PATHS = NO;
				CLANG_ANALYZER_NONNULL = YES;
				CLANG_CXX_LANGUAGE_STANDARD = "gnu++0x";
				CLANG_CXX_LIBRARY = "libc++";
				CLANG_ENABLE_MODULES = YES;
				CLANG_ENABLE_OBJC_ARC = YES;
				CLANG_WARN_BOOL_CONVERSION = YES;
				CLANG_WARN_CONSTANT_CONVERSION = YES;
				CLANG_WARN_DIRECT_OBJC_ISA_USAGE = YES_ERROR;
				CLANG_WARN_EMPTY_BODY = YES;
				CLANG_WARN_ENUM_CONVERSION = YES;
				CLANG_WARN_INT_CONVERSION = YES;
				CLANG_WARN_OBJC_ROOT_CLASS = YES_ERROR;
				CLANG_WARN_UNREACHABLE_CODE = YES;
				CLANG_WARN__DUPLICATE_METHOD_MATCH = YES;
				"CODE_SIGN_IDENTITY[sdk=iphoneos*]" = "iPhone Developer";
				COPY_PHASE_STRIP = NO;
				DEBUG_INFORMATION_FORMAT = "dwarf-with-dsym";
				ENABLE_NS_ASSERTIONS = NO;
				ENABLE_STRICT_OBJC_MSGSEND = YES;
				GCC_C_LANGUAGE_STANDARD = gnu99;
				GCC_NO_COMMON_BLOCKS = YES;
				GCC_WARN_64_TO_32_BIT_CONVERSION = YES;
				GCC_WARN_ABOUT_RETURN_TYPE = YES_ERROR;
				GCC_WARN_UNDECLARED_SELECTOR = YES;
				GCC_WARN_UNINITIALIZED_AUTOS = YES_AGGRESSIVE;
				GCC_WARN_UNUSED_FUNCTION = YES;
				GCC_WARN_UNUSED_VARIABLE = YES;
				IPHONEOS_DEPLOYMENT_TARGET = 9.3;
				MTL_ENABLE_DEBUG_INFO = NO;
				SDKROOT = iphoneos;
				TARGETED_DEVICE_FAMILY = "1,2";
				VALIDATE_PRODUCT = YES;
			};
			name = Release;
		};
		3F9B22301D22608E00D5DC28 /* Debug */ = {
			isa = XCBuildConfiguration;
			buildSettings = {
				ASSETCATALOG_COMPILER_APPICON_NAME = AppIcon;
				INFOPLIST_FILE = XIBTableCells/Info.plist;
				LD_RUNPATH_SEARCH_PATHS = "$(inherited) @executable_path/Frameworks";
				PRODUCT_BUNDLE_IDENTIFIER = com.showtime.XIBTableCells;
				PRODUCT_NAME = "$(TARGET_NAME)";
			};
			name = Debug;
		};
		3F9B22311D22608E00D5DC28 /* Release */ = {
			isa = XCBuildConfiguration;
			buildSettings = {
				ASSETCATALOG_COMPILER_APPICON_NAME = AppIcon;
				INFOPLIST_FILE = XIBTableCells/Info.plist;
				LD_RUNPATH_SEARCH_PATHS = "$(inherited) @executable_path/Frameworks";
				PRODUCT_BUNDLE_IDENTIFIER = com.showtime.XIBTableCells;
				PRODUCT_NAME = "$(TARGET_NAME)";
			};
			name = Release;
		};
		3F9B22331D22608E00D5DC28 /* Debug */ = {
			isa = XCBuildConfiguration;
			buildSettings = {
				BUNDLE_LOADER = "$(TEST_HOST)";
				INFOPLIST_FILE = XIBTableCellsTests/Info.plist;
				LD_RUNPATH_SEARCH_PATHS = "$(inherited) @executable_path/Frameworks @loader_path/Frameworks";
				PRODUCT_BUNDLE_IDENTIFIER = com.showtime.XIBTableCellsTests;
				PRODUCT_NAME = "$(TARGET_NAME)";
				TEST_HOST = "$(BUILT_PRODUCTS_DIR)/XIBTableCells.app/XIBTableCells";
			};
			name = Debug;
		};
		3F9B22341D22608E00D5DC28 /* Release */ = {
			isa = XCBuildConfiguration;
			buildSettings = {
				BUNDLE_LOADER = "$(TEST_HOST)";
				INFOPLIST_FILE = XIBTableCellsTests/Info.plist;
				LD_RUNPATH_SEARCH_PATHS = "$(inherited) @executable_path/Frameworks @loader_path/Frameworks";
				PRODUCT_BUNDLE_IDENTIFIER = com.showtime.XIBTableCellsTests;
				PRODUCT_NAME = "$(TARGET_NAME)";
				TEST_HOST = "$(BUILT_PRODUCTS_DIR)/XIBTableCells.app/XIBTableCells";
			};
			name = Release;
		};
		3F9B22361D22608E00D5DC28 /* Debug */ = {
			isa = XCBuildConfiguration;
			buildSettings = {
				INFOPLIST_FILE = XIBTableCellsUITests/Info.plist;
				LD_RUNPATH_SEARCH_PATHS = "$(inherited) @executable_path/Frameworks @loader_path/Frameworks";
				PRODUCT_BUNDLE_IDENTIFIER = com.showtime.XIBTableCellsUITests;
				PRODUCT_NAME = "$(TARGET_NAME)";
				TEST_TARGET_NAME = XIBTableCells;
			};
			name = Debug;
		};
		3F9B22371D22608E00D5DC28 /* Release */ = {
			isa = XCBuildConfiguration;
			buildSettings = {
				INFOPLIST_FILE = XIBTableCellsUITests/Info.plist;
				LD_RUNPATH_SEARCH_PATHS = "$(inherited) @executable_path/Frameworks @loader_path/Frameworks";
				PRODUCT_BUNDLE_IDENTIFIER = com.showtime.XIBTableCellsUITests;
				PRODUCT_NAME = "$(TARGET_NAME)";
				TEST_TARGET_NAME = XIBTableCells;
			};
			name = Release;
		};
/* End XCBuildConfiguration section */

/* Begin XCConfigurationList section */
		3F9B21FD1D22608E00D5DC28 /* Build configuration list for PBXProject "XIBTableCells" */ = {
			isa = XCConfigurationList;
			buildConfigurations = (
				3F9B222D1D22608E00D5DC28 /* Debug */,
				3F9B222E1D22608E00D5DC28 /* Release */,
			);
			defaultConfigurationIsVisible = 0;
			defaultConfigurationName = Release;
		};
		3F9B222F1D22608E00D5DC28 /* Build configuration list for PBXNativeTarget "XIBTableCells" */ = {
			isa = XCConfigurationList;
			buildConfigurations = (
				3F9B22301D22608E00D5DC28 /* Debug */,
				3F9B22311D22608E00D5DC28 /* Release */,
			);
			defaultConfigurationIsVisible = 0;
		};
		3F9B22321D22608E00D5DC28 /* Build configuration list for PBXNativeTarget "XIBTableCellsTests" */ = {
			isa = XCConfigurationList;
			buildConfigurations = (
				3F9B22331D22608E00D5DC28 /* Debug */,
				3F9B22341D22608E00D5DC28 /* Release */,
			);
			defaultConfigurationIsVisible = 0;
		};
		3F9B22351D22608E00D5DC28 /* Build configuration list for PBXNativeTarget "XIBTableCellsUITests" */ = {
			isa = XCConfigurationList;
			buildConfigurations = (
				3F9B22361D22608E00D5DC28 /* Debug */,
				3F9B22371D22608E00D5DC28 /* Release */,
			);
			defaultConfigurationIsVisible = 0;
		};
/* End XCConfigurationList section */
	};
	rootObject = 3F9B21FA1D22608E00D5DC28 /* Project object */;
}
