// !$*UTF8*$!
{
	archiveVersion = 1;
	classes = {
	};
	objectVersion = 46;
	objects = {

/* Begin PBXBuildFile section */
		736A75FF1D3A7B620077B374 /* PresidentList.plist in Resources */ = {isa = PBXBuildFile; fileRef = 736A75FE1D3A7B620077B374 /* PresidentList.plist */; };
		736A76021D3A8FB10077B374 /* LanguageListController.m in Sources */ = {isa = PBXBuildFile; fileRef = 736A76011D3A8FB10077B374 /* LanguageListController.m */; };
		736A76051D3B219F0077B374 /* RootViewController.m in Sources */ = {isa = PBXBuildFile; fileRef = 736A76041D3B219F0077B374 /* RootViewController.m */; };
		73A027061D28FE6100F2469B /* main.m in Sources */ = {isa = PBXBuildFile; fileRef = 73A027051D28FE6100F2469B /* main.m */; };
		73A027091D28FE6100F2469B /* AppDelegate.m in Sources */ = {isa = PBXBuildFile; fileRef = 73A027081D28FE6100F2469B /* AppDelegate.m */; };
		73A0270C1D28FE6100F2469B /* MasterViewController.m in Sources */ = {isa = PBXBuildFile; fileRef = 73A0270B1D28FE6100F2469B /* MasterViewController.m */; };
		73A0270F1D28FE6100F2469B /* DetailViewController.m in Sources */ = {isa = PBXBuildFile; fileRef = 73A0270E1D28FE6100F2469B /* DetailViewController.m */; };
		73A027121D28FE6100F2469B /* Main.storyboard in Resources */ = {isa = PBXBuildFile; fileRef = 73A027101D28FE6100F2469B /* Main.storyboard */; };
		73A027141D28FE6100F2469B /* Assets.xcassets in Resources */ = {isa = PBXBuildFile; fileRef = 73A027131D28FE6100F2469B /* Assets.xcassets */; };
		73A027171D28FE6100F2469B /* LaunchScreen.storyboard in Resources */ = {isa = PBXBuildFile; fileRef = 73A027151D28FE6100F2469B /* LaunchScreen.storyboard */; };
		73A027221D28FE6100F2469B /* PresidentsTests.m in Sources */ = {isa = PBXBuildFile; fileRef = 73A027211D28FE6100F2469B /* PresidentsTests.m */; };
		73A0272D1D28FE6100F2469B /* PresidentsUITests.m in Sources */ = {isa = PBXBuildFile; fileRef = 73A0272C1D28FE6100F2469B /* PresidentsUITests.m */; };
/* End PBXBuildFile section */

/* Begin PBXContainerItemProxy section */
		73A0271E1D28FE6100F2469B /* PBXContainerItemProxy */ = {
			isa = PBXContainerItemProxy;
			containerPortal = 73A026F91D28FE6100F2469B /* Project object */;
			proxyType = 1;
			remoteGlobalIDString = 73A027001D28FE6100F2469B;
			remoteInfo = Presidents;
		};
		73A027291D28FE6100F2469B /* PBXContainerItemProxy */ = {
			isa = PBXContainerItemProxy;
			containerPortal = 73A026F91D28FE6100F2469B /* Project object */;
			proxyType = 1;
			remoteGlobalIDString = 73A027001D28FE6100F2469B;
			remoteInfo = Presidents;
		};
/* End PBXContainerItemProxy section */

/* Begin PBXFileReference section */
		736A75FE1D3A7B620077B374 /* PresidentList.plist */ = {isa = PBXFileReference; fileEncoding = 4; lastKnownFileType = text.plist.xml; path = PresidentList.plist; sourceTree = "<group>"; };
		736A76001D3A8FB10077B374 /* LanguageListController.h */ = {isa = PBXFileReference; fileEncoding = 4; lastKnownFileType = sourcecode.c.h; path = LanguageListController.h; sourceTree = "<group>"; };
		736A76011D3A8FB10077B374 /* LanguageListController.m */ = {isa = PBXFileReference; fileEncoding = 4; lastKnownFileType = sourcecode.c.objc; path = LanguageListController.m; sourceTree = "<group>"; };
		736A76031D3B219F0077B374 /* RootViewController.h */ = {isa = PBXFileReference; fileEncoding = 4; lastKnownFileType = sourcecode.c.h; path = RootViewController.h; sourceTree = "<group>"; };
		736A76041D3B219F0077B374 /* RootViewController.m */ = {isa = PBXFileReference; fileEncoding = 4; lastKnownFileType = sourcecode.c.objc; path = RootViewController.m; sourceTree = "<group>"; };
		73A027011D28FE6100F2469B /* Presidents.app */ = {isa = PBXFileReference; explicitFileType = wrapper.application; includeInIndex = 0; path = Presidents.app; sourceTree = BUILT_PRODUCTS_DIR; };
		73A027051D28FE6100F2469B /* main.m */ = {isa = PBXFileReference; lastKnownFileType = sourcecode.c.objc; path = main.m; sourceTree = "<group>"; };
		73A027071D28FE6100F2469B /* AppDelegate.h */ = {isa = PBXFileReference; lastKnownFileType = sourcecode.c.h; path = AppDelegate.h; sourceTree = "<group>"; };
		73A027081D28FE6100F2469B /* AppDelegate.m */ = {isa = PBXFileReference; lastKnownFileType = sourcecode.c.objc; path = AppDelegate.m; sourceTree = "<group>"; };
		73A0270A1D28FE6100F2469B /* MasterViewController.h */ = {isa = PBXFileReference; lastKnownFileType = sourcecode.c.h; path = MasterViewController.h; sourceTree = "<group>"; };
		73A0270B1D28FE6100F2469B /* MasterViewController.m */ = {isa = PBXFileReference; lastKnownFileType = sourcecode.c.objc; path = MasterViewController.m; sourceTree = "<group>"; };
		73A0270D1D28FE6100F2469B /* DetailViewController.h */ = {isa = PBXFileReference; lastKnownFileType = sourcecode.c.h; path = DetailViewController.h; sourceTree = "<group>"; };
		73A0270E1D28FE6100F2469B /* DetailViewController.m */ = {isa = PBXFileReference; lastKnownFileType = sourcecode.c.objc; path = DetailViewController.m; sourceTree = "<group>"; };
		73A027111D28FE6100F2469B /* Base */ = {isa = PBXFileReference; lastKnownFileType = file.storyboard; name = Base; path = Base.lproj/Main.storyboard; sourceTree = "<group>"; };
		73A027131D28FE6100F2469B /* Assets.xcassets */ = {isa = PBXFileReference; lastKnownFileType = folder.assetcatalog; path = Assets.xcassets; sourceTree = "<group>"; };
		73A027161D28FE6100F2469B /* Base */ = {isa = PBXFileReference; lastKnownFileType = file.storyboard; name = Base; path = Base.lproj/LaunchScreen.storyboard; sourceTree = "<group>"; };
		73A027181D28FE6100F2469B /* Info.plist */ = {isa = PBXFileReference; lastKnownFileType = text.plist.xml; path = Info.plist; sourceTree = "<group>"; };
		73A0271D1D28FE6100F2469B /* PresidentsTests.xctest */ = {isa = PBXFileReference; explicitFileType = wrapper.cfbundle; includeInIndex = 0; path = PresidentsTests.xctest; sourceTree = BUILT_PRODUCTS_DIR; };
		73A027211D28FE6100F2469B /* PresidentsTests.m */ = {isa = PBXFileReference; lastKnownFileType = sourcecode.c.objc; path = PresidentsTests.m; sourceTree = "<group>"; };
		73A027231D28FE6100F2469B /* Info.plist */ = {isa = PBXFileReference; lastKnownFileType = text.plist.xml; path = Info.plist; sourceTree = "<group>"; };
		73A027281D28FE6100F2469B /* PresidentsUITests.xctest */ = {isa = PBXFileReference; explicitFileType = wrapper.cfbundle; includeInIndex = 0; path = PresidentsUITests.xctest; sourceTree = BUILT_PRODUCTS_DIR; };
		73A0272C1D28FE6100F2469B /* PresidentsUITests.m */ = {isa = PBXFileReference; lastKnownFileType = sourcecode.c.objc; path = PresidentsUITests.m; sourceTree = "<group>"; };
		73A0272E1D28FE6100F2469B /* Info.plist */ = {isa = PBXFileReference; lastKnownFileType = text.plist.xml; path = Info.plist; sourceTree = "<group>"; };
/* End PBXFileReference section */

/* Begin PBXFrameworksBuildPhase section */
		73A026FE1D28FE6100F2469B /* Frameworks */ = {
			isa = PBXFrameworksBuildPhase;
			buildActionMask = 2147483647;
			files = (
			);
			runOnlyForDeploymentPostprocessing = 0;
		};
		73A0271A1D28FE6100F2469B /* Frameworks */ = {
			isa = PBXFrameworksBuildPhase;
			buildActionMask = 2147483647;
			files = (
			);
			runOnlyForDeploymentPostprocessing = 0;
		};
		73A027251D28FE6100F2469B /* Frameworks */ = {
			isa = PBXFrameworksBuildPhase;
			buildActionMask = 2147483647;
			files = (
			);
			runOnlyForDeploymentPostprocessing = 0;
		};
/* End PBXFrameworksBuildPhase section */

/* Begin PBXGroup section */
		73A026F81D28FE6100F2469B = {
			isa = PBXGroup;
			children = (
				73A027031D28FE6100F2469B /* Presidents */,
				73A027201D28FE6100F2469B /* PresidentsTests */,
				73A0272B1D28FE6100F2469B /* PresidentsUITests */,
				73A027021D28FE6100F2469B /* Products */,
			);
			sourceTree = "<group>";
		};
		73A027021D28FE6100F2469B /* Products */ = {
			isa = PBXGroup;
			children = (
				73A027011D28FE6100F2469B /* Presidents.app */,
				73A0271D1D28FE6100F2469B /* PresidentsTests.xctest */,
				73A027281D28FE6100F2469B /* PresidentsUITests.xctest */,
			);
			name = Products;
			sourceTree = "<group>";
		};
		73A027031D28FE6100F2469B /* Presidents */ = {
			isa = PBXGroup;
			children = (
				736A75FE1D3A7B620077B374 /* PresidentList.plist */,
				73A027071D28FE6100F2469B /* AppDelegate.h */,
				73A027081D28FE6100F2469B /* AppDelegate.m */,
				73A0270A1D28FE6100F2469B /* MasterViewController.h */,
				73A0270B1D28FE6100F2469B /* MasterViewController.m */,
				73A0270D1D28FE6100F2469B /* DetailViewController.h */,
				73A0270E1D28FE6100F2469B /* DetailViewController.m */,
				73A027101D28FE6100F2469B /* Main.storyboard */,
				73A027131D28FE6100F2469B /* Assets.xcassets */,
				73A027151D28FE6100F2469B /* LaunchScreen.storyboard */,
				73A027181D28FE6100F2469B /* Info.plist */,
				73A027041D28FE6100F2469B /* Supporting Files */,
				736A76001D3A8FB10077B374 /* LanguageListController.h */,
				736A76011D3A8FB10077B374 /* LanguageListController.m */,
				736A76031D3B219F0077B374 /* RootViewController.h */,
				736A76041D3B219F0077B374 /* RootViewController.m */,
			);
			path = Presidents;
			sourceTree = "<group>";
		};
		73A027041D28FE6100F2469B /* Supporting Files */ = {
			isa = PBXGroup;
			children = (
				73A027051D28FE6100F2469B /* main.m */,
			);
			name = "Supporting Files";
			sourceTree = "<group>";
		};
		73A027201D28FE6100F2469B /* PresidentsTests */ = {
			isa = PBXGroup;
			children = (
				73A027211D28FE6100F2469B /* PresidentsTests.m */,
				73A027231D28FE6100F2469B /* Info.plist */,
			);
			path = PresidentsTests;
			sourceTree = "<group>";
		};
		73A0272B1D28FE6100F2469B /* PresidentsUITests */ = {
			isa = PBXGroup;
			children = (
				73A0272C1D28FE6100F2469B /* PresidentsUITests.m */,
				73A0272E1D28FE6100F2469B /* Info.plist */,
			);
			path = PresidentsUITests;
			sourceTree = "<group>";
		};
/* End PBXGroup section */

/* Begin PBXNativeTarget section */
		73A027001D28FE6100F2469B /* Presidents */ = {
			isa = PBXNativeTarget;
			buildConfigurationList = 73A027311D28FE6100F2469B /* Build configuration list for PBXNativeTarget "Presidents" */;
			buildPhases = (
				73A026FD1D28FE6100F2469B /* Sources */,
				73A026FE1D28FE6100F2469B /* Frameworks */,
				73A026FF1D28FE6100F2469B /* Resources */,
			);
			buildRules = (
			);
			dependencies = (
			);
			name = Presidents;
			productName = Presidents;
			productReference = 73A027011D28FE6100F2469B /* Presidents.app */;
			productType = "com.apple.product-type.application";
		};
		73A0271C1D28FE6100F2469B /* PresidentsTests */ = {
			isa = PBXNativeTarget;
			buildConfigurationList = 73A027341D28FE6100F2469B /* Build configuration list for PBXNativeTarget "PresidentsTests" */;
			buildPhases = (
				73A027191D28FE6100F2469B /* Sources */,
				73A0271A1D28FE6100F2469B /* Frameworks */,
				73A0271B1D28FE6100F2469B /* Resources */,
			);
			buildRules = (
			);
			dependencies = (
				73A0271F1D28FE6100F2469B /* PBXTargetDependency */,
			);
			name = PresidentsTests;
			productName = PresidentsTests;
			productReference = 73A0271D1D28FE6100F2469B /* PresidentsTests.xctest */;
			productType = "com.apple.product-type.bundle.unit-test";
		};
		73A027271D28FE6100F2469B /* PresidentsUITests */ = {
			isa = PBXNativeTarget;
			buildConfigurationList = 73A027371D28FE6100F2469B /* Build configuration list for PBXNativeTarget "PresidentsUITests" */;
			buildPhases = (
				73A027241D28FE6100F2469B /* Sources */,
				73A027251D28FE6100F2469B /* Frameworks */,
				73A027261D28FE6100F2469B /* Resources */,
			);
			buildRules = (
			);
			dependencies = (
				73A0272A1D28FE6100F2469B /* PBXTargetDependency */,
			);
			name = PresidentsUITests;
			productName = PresidentsUITests;
			productReference = 73A027281D28FE6100F2469B /* PresidentsUITests.xctest */;
			productType = "com.apple.product-type.bundle.ui-testing";
		};
/* End PBXNativeTarget section */

/* Begin PBXProject section */
		73A026F91D28FE6100F2469B /* Project object */ = {
			isa = PBXProject;
			attributes = {
				LastUpgradeCheck = 0730;
				ORGANIZATIONNAME = ShowTime;
				TargetAttributes = {
					73A027001D28FE6100F2469B = {
						CreatedOnToolsVersion = 7.3.1;
					};
					73A0271C1D28FE6100F2469B = {
						CreatedOnToolsVersion = 7.3.1;
						TestTargetID = 73A027001D28FE6100F2469B;
					};
					73A027271D28FE6100F2469B = {
						CreatedOnToolsVersion = 7.3.1;
						TestTargetID = 73A027001D28FE6100F2469B;
					};
				};
			};
			buildConfigurationList = 73A026FC1D28FE6100F2469B /* Build configuration list for PBXProject "Presidents" */;
			compatibilityVersion = "Xcode 3.2";
			developmentRegion = English;
			hasScannedForEncodings = 0;
			knownRegions = (
				en,
				Base,
			);
			mainGroup = 73A026F81D28FE6100F2469B;
			productRefGroup = 73A027021D28FE6100F2469B /* Products */;
			projectDirPath = "";
			projectRoot = "";
			targets = (
				73A027001D28FE6100F2469B /* Presidents */,
				73A0271C1D28FE6100F2469B /* PresidentsTests */,
				73A027271D28FE6100F2469B /* PresidentsUITests */,
			);
		};
/* End PBXProject section */

/* Begin PBXResourcesBuildPhase section */
		73A026FF1D28FE6100F2469B /* Resources */ = {
			isa = PBXResourcesBuildPhase;
			buildActionMask = 2147483647;
			files = (
				73A027171D28FE6100F2469B /* LaunchScreen.storyboard in Resources */,
				73A027141D28FE6100F2469B /* Assets.xcassets in Resources */,
				73A027121D28FE6100F2469B /* Main.storyboard in Resources */,
				736A75FF1D3A7B620077B374 /* PresidentList.plist in Resources */,
			);
			runOnlyForDeploymentPostprocessing = 0;
		};
		73A0271B1D28FE6100F2469B /* Resources */ = {
			isa = PBXResourcesBuildPhase;
			buildActionMask = 2147483647;
			files = (
			);
			runOnlyForDeploymentPostprocessing = 0;
		};
		73A027261D28FE6100F2469B /* Resources */ = {
			isa = PBXResourcesBuildPhase;
			buildActionMask = 2147483647;
			files = (
			);
			runOnlyForDeploymentPostprocessing = 0;
		};
/* End PBXResourcesBuildPhase section */

/* Begin PBXSourcesBuildPhase section */
		73A026FD1D28FE6100F2469B /* Sources */ = {
			isa = PBXSourcesBuildPhase;
			buildActionMask = 2147483647;
			files = (
				73A027091D28FE6100F2469B /* AppDelegate.m in Sources */,
				73A0270C1D28FE6100F2469B /* MasterViewController.m in Sources */,
				736A76051D3B219F0077B374 /* RootViewController.m in Sources */,
				73A027061D28FE6100F2469B /* main.m in Sources */,
				736A76021D3A8FB10077B374 /* LanguageListController.m in Sources */,
				73A0270F1D28FE6100F2469B /* DetailViewController.m in Sources */,
			);
			runOnlyForDeploymentPostprocessing = 0;
		};
		73A027191D28FE6100F2469B /* Sources */ = {
			isa = PBXSourcesBuildPhase;
			buildActionMask = 2147483647;
			files = (
				73A027221D28FE6100F2469B /* PresidentsTests.m in Sources */,
			);
			runOnlyForDeploymentPostprocessing = 0;
		};
		73A027241D28FE6100F2469B /* Sources */ = {
			isa = PBXSourcesBuildPhase;
			buildActionMask = 2147483647;
			files = (
				73A0272D1D28FE6100F2469B /* PresidentsUITests.m in Sources */,
			);
			runOnlyForDeploymentPostprocessing = 0;
		};
/* End PBXSourcesBuildPhase section */

/* Begin PBXTargetDependency section */
		73A0271F1D28FE6100F2469B /* PBXTargetDependency */ = {
			isa = PBXTargetDependency;
			target = 73A027001D28FE6100F2469B /* Presidents */;
			targetProxy = 73A0271E1D28FE6100F2469B /* PBXContainerItemProxy */;
		};
		73A0272A1D28FE6100F2469B /* PBXTargetDependency */ = {
			isa = PBXTargetDependency;
			target = 73A027001D28FE6100F2469B /* Presidents */;
			targetProxy = 73A027291D28FE6100F2469B /* PBXContainerItemProxy */;
		};
/* End PBXTargetDependency section */

/* Begin PBXVariantGroup section */
		73A027101D28FE6100F2469B /* Main.storyboard */ = {
			isa = PBXVariantGroup;
			children = (
				73A027111D28FE6100F2469B /* Base */,
			);
			name = Main.storyboard;
			sourceTree = "<group>";
		};
		73A027151D28FE6100F2469B /* LaunchScreen.storyboard */ = {
			isa = PBXVariantGroup;
			children = (
				73A027161D28FE6100F2469B /* Base */,
			);
			name = LaunchScreen.storyboard;
			sourceTree = "<group>";
		};
/* End PBXVariantGroup section */

/* Begin XCBuildConfiguration section */
		73A0272F1D28FE6100F2469B /* Debug */ = {
			isa = XCBuildConfiguration;
			buildSettings = {
				ALWAYS_SEARCH_USER_PATHS = NO;
				CLANG_ANALYZER_NONNULL = YES;
				CLANG_CXX_LANGUAGE_STANDARD = "gnu++0x";
				CLANG_CXX_LIBRARY = "libc++";
				CLANG_ENABLE_MODULES = YES;
				CLANG_ENABLE_OBJC_ARC = YES;
				CLANG_WARN_BOOL_CONVERSION = YES;
				CLANG_WARN_CONSTANT_CONVERSION = YES;
				CLANG_WARN_DIRECT_OBJC_ISA_USAGE = YES_ERROR;
				CLANG_WARN_EMPTY_BODY = YES;
				CLANG_WARN_ENUM_CONVERSION = YES;
				CLANG_WARN_INT_CONVERSION = YES;
				CLANG_WARN_OBJC_ROOT_CLASS = YES_ERROR;
				CLANG_WARN_UNREACHABLE_CODE = YES;
				CLANG_WARN__DUPLICATE_METHOD_MATCH = YES;
				"CODE_SIGN_IDENTITY[sdk=iphoneos*]" = "iPhone Developer";
				COPY_PHASE_STRIP = NO;
				DEBUG_INFORMATION_FORMAT = dwarf;
				ENABLE_STRICT_OBJC_MSGSEND = YES;
				ENABLE_TESTABILITY = YES;
				GCC_C_LANGUAGE_STANDARD = gnu99;
				GCC_DYNAMIC_NO_PIC = NO;
				GCC_NO_COMMON_BLOCKS = YES;
				GCC_OPTIMIZATION_LEVEL = 0;
				GCC_PREPROCESSOR_DEFINITIONS = (
					"DEBUG=1",
					"$(inherited)",
				);
				GCC_WARN_64_TO_32_BIT_CONVERSION = YES;
				GCC_WARN_ABOUT_RETURN_TYPE = YES_ERROR;
				GCC_WARN_UNDECLARED_SELECTOR = YES;
				GCC_WARN_UNINITIALIZED_AUTOS = YES_AGGRESSIVE;
				GCC_WARN_UNUSED_FUNCTION = YES;
				GCC_WARN_UNUSED_VARIABLE = YES;
				IPHONEOS_DEPLOYMENT_TARGET = 9.3;
				MTL_ENABLE_DEBUG_INFO = YES;
				ONLY_ACTIVE_ARCH = YES;
				SDKROOT = iphoneos;
				TARGETED_DEVICE_FAMILY = "1,2";
			};
			name = Debug;
		};
		73A027301D28FE6100F2469B /* Release */ = {
			isa = XCBuildConfiguration;
			buildSettings = {
				ALWAYS_SEARCH_USER_PATHS = NO;
				CLANG_ANALYZER_NONNULL = YES;
				CLANG_CXX_LANGUAGE_STANDARD = "gnu++0x";
				CLANG_CXX_LIBRARY = "libc++";
				CLANG_ENABLE_MODULES = YES;
				CLANG_ENABLE_OBJC_ARC = YES;
				CLANG_WARN_BOOL_CONVERSION = YES;
				CLANG_WARN_CONSTANT_CONVERSION = YES;
				CLANG_WARN_DIRECT_OBJC_ISA_USAGE = YES_ERROR;
				CLANG_WARN_EMPTY_BODY = YES;
				CLANG_WARN_ENUM_CONVERSION = YES;
				CLANG_WARN_INT_CONVERSION = YES;
				CLANG_WARN_OBJC_ROOT_CLASS = YES_ERROR;
				CLANG_WARN_UNREACHABLE_CODE = YES;
				CLANG_WARN__DUPLICATE_METHOD_MATCH = YES;
				"CODE_SIGN_IDENTITY[sdk=iphoneos*]" = "iPhone Developer";
				COPY_PHASE_STRIP = NO;
				DEBUG_INFORMATION_FORMAT = "dwarf-with-dsym";
				ENABLE_NS_ASSERTIONS = NO;
				ENABLE_STRICT_OBJC_MSGSEND = YES;
				GCC_C_LANGUAGE_STANDARD = gnu99;
				GCC_NO_COMMON_BLOCKS = YES;
				GCC_WARN_64_TO_32_BIT_CONVERSION = YES;
				GCC_WARN_ABOUT_RETURN_TYPE = YES_ERROR;
				GCC_WARN_UNDECLARED_SELECTOR = YES;
				GCC_WARN_UNINITIALIZED_AUTOS = YES_AGGRESSIVE;
				GCC_WARN_UNUSED_FUNCTION = YES;
				GCC_WARN_UNUSED_VARIABLE = YES;
				IPHONEOS_DEPLOYMENT_TARGET = 9.3;
				MTL_ENABLE_DEBUG_INFO = NO;
				SDKROOT = iphoneos;
				TARGETED_DEVICE_FAMILY = "1,2";
				VALIDATE_PRODUCT = YES;
			};
			name = Release;
		};
		73A027321D28FE6100F2469B /* Debug */ = {
			isa = XCBuildConfiguration;
			buildSettings = {
				ASSETCATALOG_COMPILER_APPICON_NAME = AppIcon;
				INFOPLIST_FILE = Presidents/Info.plist;
				LD_RUNPATH_SEARCH_PATHS = "$(inherited) @executable_path/Frameworks";
				PRODUCT_BUNDLE_IDENTIFIER = com.showtime.Presidents;
				PRODUCT_NAME = "$(TARGET_NAME)";
			};
			name = Debug;
		};
		73A027331D28FE6100F2469B /* Release */ = {
			isa = XCBuildConfiguration;
			buildSettings = {
				ASSETCATALOG_COMPILER_APPICON_NAME = AppIcon;
				INFOPLIST_FILE = Presidents/Info.plist;
				LD_RUNPATH_SEARCH_PATHS = "$(inherited) @executable_path/Frameworks";
				PRODUCT_BUNDLE_IDENTIFIER = com.showtime.Presidents;
				PRODUCT_NAME = "$(TARGET_NAME)";
			};
			name = Release;
		};
		73A027351D28FE6100F2469B /* Debug */ = {
			isa = XCBuildConfiguration;
			buildSettings = {
				BUNDLE_LOADER = "$(TEST_HOST)";
				INFOPLIST_FILE = PresidentsTests/Info.plist;
				LD_RUNPATH_SEARCH_PATHS = "$(inherited) @executable_path/Frameworks @loader_path/Frameworks";
				PRODUCT_BUNDLE_IDENTIFIER = com.showtime.PresidentsTests;
				PRODUCT_NAME = "$(TARGET_NAME)";
				TEST_HOST = "$(BUILT_PRODUCTS_DIR)/Presidents.app/Presidents";
			};
			name = Debug;
		};
		73A027361D28FE6100F2469B /* Release */ = {
			isa = XCBuildConfiguration;
			buildSettings = {
				BUNDLE_LOADER = "$(TEST_HOST)";
				INFOPLIST_FILE = PresidentsTests/Info.plist;
				LD_RUNPATH_SEARCH_PATHS = "$(inherited) @executable_path/Frameworks @loader_path/Frameworks";
				PRODUCT_BUNDLE_IDENTIFIER = com.showtime.PresidentsTests;
				PRODUCT_NAME = "$(TARGET_NAME)";
				TEST_HOST = "$(BUILT_PRODUCTS_DIR)/Presidents.app/Presidents";
			};
			name = Release;
		};
		73A027381D28FE6100F2469B /* Debug */ = {
			isa = XCBuildConfiguration;
			buildSettings = {
				INFOPLIST_FILE = PresidentsUITests/Info.plist;
				LD_RUNPATH_SEARCH_PATHS = "$(inherited) @executable_path/Frameworks @loader_path/Frameworks";
				PRODUCT_BUNDLE_IDENTIFIER = com.showtime.PresidentsUITests;
				PRODUCT_NAME = "$(TARGET_NAME)";
				TEST_TARGET_NAME = Presidents;
			};
			name = Debug;
		};
		73A027391D28FE6100F2469B /* Release */ = {
			isa = XCBuildConfiguration;
			buildSettings = {
				INFOPLIST_FILE = PresidentsUITests/Info.plist;
				LD_RUNPATH_SEARCH_PATHS = "$(inherited) @executable_path/Frameworks @loader_path/Frameworks";
				PRODUCT_BUNDLE_IDENTIFIER = com.showtime.PresidentsUITests;
				PRODUCT_NAME = "$(TARGET_NAME)";
				TEST_TARGET_NAME = Presidents;
			};
			name = Release;
		};
/* End XCBuildConfiguration section */

/* Begin XCConfigurationList section */
		73A026FC1D28FE6100F2469B /* Build configuration list for PBXProject "Presidents" */ = {
			isa = XCConfigurationList;
			buildConfigurations = (
				73A0272F1D28FE6100F2469B /* Debug */,
				73A027301D28FE6100F2469B /* Release */,
			);
			defaultConfigurationIsVisible = 0;
			defaultConfigurationName = Release;
		};
		73A027311D28FE6100F2469B /* Build configuration list for PBXNativeTarget "Presidents" */ = {
			isa = XCConfigurationList;
			buildConfigurations = (
				73A027321D28FE6100F2469B /* Debug */,
				73A027331D28FE6100F2469B /* Release */,
			);
			defaultConfigurationIsVisible = 0;
			defaultConfigurationName = Release;
		};
		73A027341D28FE6100F2469B /* Build configuration list for PBXNativeTarget "PresidentsTests" */ = {
			isa = XCConfigurationList;
			buildConfigurations = (
				73A027351D28FE6100F2469B /* Debug */,
				73A027361D28FE6100F2469B /* Release */,
			);
			defaultConfigurationIsVisible = 0;
			defaultConfigurationName = Release;
		};
		73A027371D28FE6100F2469B /* Build configuration list for PBXNativeTarget "PresidentsUITests" */ = {
			isa = XCConfigurationList;
			buildConfigurations = (
				73A027381D28FE6100F2469B /* Debug */,
				73A027391D28FE6100F2469B /* Release */,
			);
			defaultConfigurationIsVisible = 0;
			defaultConfigurationName = Release;
		};
/* End XCConfigurationList section */
	};
	rootObject = 73A026F91D28FE6100F2469B /* Project object */;
}
